
Microsoft Visual Studio Solution File, Format Version 12.00
# Visual Studio Version 17
VisualStudioVersion = 17.0.31612.314
MinimumVisualStudioVersion = 10.0.40219.1
Project("{9A19103F-16F7-4668-BE54-9A1E7A4F7556}") = "CG.Blazor.Forms._MudBlazor.QuickStart", "CG.Blazor.Forms._MudBlazor.QuickStart.csproj", "{EFB0674E-6F96-43FF-9A69-8B9475E97204}"
EndProject
Project("{9A19103F-16F7-4668-BE54-9A1E7A4F7556}") = "CG.Blazor.Forms._MudBlazor", "..\..\src\CG.Blazor.Forms._MudBlazor\CG.Blazor.Forms._MudBlazor.csproj", "{A04E267C-99F7-43A4-837C-425182486820}"
EndProject
Global
	GlobalSection(SolutionConfigurationPlatforms) = preSolution
		Debug|Any CPU = Debug|Any CPU
		Release|Any CPU = Release|Any CPU
	EndGlobalSection
	GlobalSection(ProjectConfigurationPlatforms) = postSolution
		{EFB0674E-6F96-43FF-9A69-8B9475E97204}.Debug|Any CPU.ActiveCfg = Debug|Any CPU
		{EFB0674E-6F96-43FF-9A69-8B9475E97204}.Debug|Any CPU.Build.0 = Debug|Any CPU
		{EFB0674E-6F96-43FF-9A69-8B9475E97204}.Release|Any CPU.ActiveCfg = Release|Any CPU
		{EFB0674E-6F96-43FF-9A69-8B9475E97204}.Release|Any CPU.Build.0 = Release|Any CPU
		{A04E267C-99F7-43A4-837C-425182486820}.Debug|Any CPU.ActiveCfg = Debug|Any CPU
		{A04E267C-99F7-43A4-837C-425182486820}.Debug|Any CPU.Build.0 = Debug|Any CPU
		{A04E267C-99F7-43A4-837C-425182486820}.Release|Any CPU.ActiveCfg = Release|Any CPU
		{A04E267C-99F7-43A4-837C-425182486820}.Release|Any CPU.Build.0 = Release|Any CPU
	EndGlobalSection
	GlobalSection(SolutionProperties) = preSolution
		HideSolutionNode = FALSE
	EndGlobalSection
	GlobalSection(ExtensibilityGlobals) = postSolution
		SolutionGuid = {51BAB430-0884-47BA-91D9-975F95457E15}
	EndGlobalSection
EndGlobal
