
Microsoft Visual Studio Solution File, Format Version 12.00
# Visual Studio Version 17
VisualStudioVersion = 17.2.32408.312
MinimumVisualStudioVersion = 10.0.40219.1
Project("{9A19103F-16F7-4668-BE54-9A1E7A4F7556}") = "CG.Blazor.Forms.Wasm.QuickStart", "CG.Blazor.Forms.Wasm.QuickStart.csproj", "{B4B2D705-9598-42A7-8BD5-47A3742C324E}"
EndProject
Project("{9A19103F-16F7-4668-BE54-9A1E7A4F7556}") = "CG.Blazor.Forms._MudBlazor", "..\..\src\CG.Blazor.Forms._MudBlazor\CG.Blazor.Forms._MudBlazor.csproj", "{84817F85-1177-4963-8D59-EBF152C91344}"
EndProject
Global
	GlobalSection(SolutionConfigurationPlatforms) = preSolution
		Debug|Any CPU = Debug|Any CPU
		Release|Any CPU = Release|Any CPU
	EndGlobalSection
	GlobalSection(ProjectConfigurationPlatforms) = postSolution
		{B4B2D705-9598-42A7-8BD5-47A3742C324E}.Debug|Any CPU.ActiveCfg = Debug|Any CPU
		{B4B2D705-9598-42A7-8BD5-47A3742C324E}.Debug|Any CPU.Build.0 = Debug|Any CPU
		{B4B2D705-9598-42A7-8BD5-47A3742C324E}.Release|Any CPU.ActiveCfg = Release|Any CPU
		{B4B2D705-9598-42A7-8BD5-47A3742C324E}.Release|Any CPU.Build.0 = Release|Any CPU
		{84817F85-1177-4963-8D59-EBF152C91344}.Debug|Any CPU.ActiveCfg = Debug|Any CPU
		{84817F85-1177-4963-8D59-EBF152C91344}.Debug|Any CPU.Build.0 = Debug|Any CPU
		{84817F85-1177-4963-8D59-EBF152C91344}.Release|Any CPU.ActiveCfg = Release|Any CPU
		{84817F85-1177-4963-8D59-EBF152C91344}.Release|Any CPU.Build.0 = Release|Any CPU
	EndGlobalSection
	GlobalSection(SolutionProperties) = preSolution
		HideSolutionNode = FALSE
	EndGlobalSection
	GlobalSection(ExtensibilityGlobals) = postSolution
		SolutionGuid = {361C9781-A0A1-4A9E-884C-B2C9E2CA0215}
	EndGlobalSection
EndGlobal
